
Microsoft Visual Studio Solution File, Format Version 12.00
#
Project("{2150E333-8FDC-42A3-9474-1A3956D46DE8}") = "src", "src", "{17510787-552A-43D6-B859-59CF34014F58}"
EndProject
Project("{FAE04EC0-301F-11D3-BF4B-00C04F79EFBC}") = "BurgerkingCaloriesCalculator.Domain", "src\BurgerkingCaloriesCalculator.Domain\BurgerkingCaloriesCalculator.Domain.csproj", "{D4C5EC52-1C95-424B-9DE8-EBFF40AB31AB}"
EndProject
Project("{2150E333-8FDC-42A3-9474-1A3956D46DE8}") = "test", "test", "{0EA27E69-D7FA-4918-81A0-A630455EE054}"
EndProject
Project("{FAE04EC0-301F-11D3-BF4B-00C04F79EFBC}") = "BurgerkingCaloriesCalculator.Domain.Test", "test\BurgerkingCaloriesCalculator.Domain.Test\BurgerkingCaloriesCalculator.Domain.Test.csproj", "{5B8F0EFC-513F-4B18-BBC4-339A5A6A35C9}"
EndProject
Project("{FAE04EC0-301F-11D3-BF4B-00C04F79EFBC}") = "BurgerkingCaloriesCalculator.Application", "src\BurgerkingCaloriesCalculator.Application\BurgerkingCaloriesCalculator.Application.csproj", "{8E23B7DA-28B8-4F2B-917E-EFBDB59AEF0A}"
EndProject
Project("{FAE04EC0-301F-11D3-BF4B-00C04F79EFBC}") = "BurgerkingCaloriesCalculator.Application.Test", "test\BurgerkingCaloriesCalculator.Application.Test\BurgerkingCaloriesCalculator.Application.Test.csproj", "{93804E2A-4E49-4AD3-83EF-5117C3C9649F}"
EndProject
Project("{FAE04EC0-301F-11D3-BF4B-00C04F79EFBC}") = "BurgerkingCaloriesCalculator.Infrastructure", "src\BurgerkingCaloriesCalculator.Infrastructure\BurgerkingCaloriesCalculator.Infrastructure.csproj", "{4E171654-C8D2-4F22-A099-224E0A4EAC55}"
EndProject
Project("{FAE04EC0-301F-11D3-BF4B-00C04F79EFBC}") = "BurgerkingCaloriesCalculator.Options", "src\BurgerkingCaloriesCalculator.Options\BurgerkingCaloriesCalculator.Options.csproj", "{44E9C1BC-3A43-4557-9EB5-08A63DFF07D8}"
EndProject
Project("{FAE04EC0-301F-11D3-BF4B-00C04F79EFBC}") = "BurgerkingCaloriesCalculator.WebApp", "src\BurgerkingCaloriesCalculator.WebApp\BurgerkingCaloriesCalculator.WebApp.csproj", "{B5495690-E3A2-49D3-BA83-31A78A5D1DEF}"
EndProject
Global
	GlobalSection(SolutionConfigurationPlatforms) = preSolution
		Debug|Any CPU = Debug|Any CPU
		Release|Any CPU = Release|Any CPU
	EndGlobalSection
	GlobalSection(NestedProjects) = preSolution
		{D4C5EC52-1C95-424B-9DE8-EBFF40AB31AB} = {17510787-552A-43D6-B859-59CF34014F58}
		{5B8F0EFC-513F-4B18-BBC4-339A5A6A35C9} = {0EA27E69-D7FA-4918-81A0-A630455EE054}
		{8E23B7DA-28B8-4F2B-917E-EFBDB59AEF0A} = {17510787-552A-43D6-B859-59CF34014F58}
		{93804E2A-4E49-4AD3-83EF-5117C3C9649F} = {0EA27E69-D7FA-4918-81A0-A630455EE054}
		{4E171654-C8D2-4F22-A099-224E0A4EAC55} = {17510787-552A-43D6-B859-59CF34014F58}
		{44E9C1BC-3A43-4557-9EB5-08A63DFF07D8} = {17510787-552A-43D6-B859-59CF34014F58}
		{B5495690-E3A2-49D3-BA83-31A78A5D1DEF} = {17510787-552A-43D6-B859-59CF34014F58}
	EndGlobalSection
	GlobalSection(ProjectConfigurationPlatforms) = postSolution
		{D4C5EC52-1C95-424B-9DE8-EBFF40AB31AB}.Debug|Any CPU.ActiveCfg = Debug|Any CPU
		{D4C5EC52-1C95-424B-9DE8-EBFF40AB31AB}.Debug|Any CPU.Build.0 = Debug|Any CPU
		{D4C5EC52-1C95-424B-9DE8-EBFF40AB31AB}.Release|Any CPU.ActiveCfg = Release|Any CPU
		{D4C5EC52-1C95-424B-9DE8-EBFF40AB31AB}.Release|Any CPU.Build.0 = Release|Any CPU
		{5B8F0EFC-513F-4B18-BBC4-339A5A6A35C9}.Debug|Any CPU.ActiveCfg = Debug|Any CPU
		{5B8F0EFC-513F-4B18-BBC4-339A5A6A35C9}.Debug|Any CPU.Build.0 = Debug|Any CPU
		{5B8F0EFC-513F-4B18-BBC4-339A5A6A35C9}.Release|Any CPU.ActiveCfg = Release|Any CPU
		{5B8F0EFC-513F-4B18-BBC4-339A5A6A35C9}.Release|Any CPU.Build.0 = Release|Any CPU
		{8E23B7DA-28B8-4F2B-917E-EFBDB59AEF0A}.Debug|Any CPU.ActiveCfg = Debug|Any CPU
		{8E23B7DA-28B8-4F2B-917E-EFBDB59AEF0A}.Debug|Any CPU.Build.0 = Debug|Any CPU
		{8E23B7DA-28B8-4F2B-917E-EFBDB59AEF0A}.Release|Any CPU.ActiveCfg = Release|Any CPU
		{8E23B7DA-28B8-4F2B-917E-EFBDB59AEF0A}.Release|Any CPU.Build.0 = Release|Any CPU
		{93804E2A-4E49-4AD3-83EF-5117C3C9649F}.Debug|Any CPU.ActiveCfg = Debug|Any CPU
		{93804E2A-4E49-4AD3-83EF-5117C3C9649F}.Debug|Any CPU.Build.0 = Debug|Any CPU
		{93804E2A-4E49-4AD3-83EF-5117C3C9649F}.Release|Any CPU.ActiveCfg = Release|Any CPU
		{93804E2A-4E49-4AD3-83EF-5117C3C9649F}.Release|Any CPU.Build.0 = Release|Any CPU
		{4E171654-C8D2-4F22-A099-224E0A4EAC55}.Debug|Any CPU.ActiveCfg = Debug|Any CPU
		{4E171654-C8D2-4F22-A099-224E0A4EAC55}.Debug|Any CPU.Build.0 = Debug|Any CPU
		{4E171654-C8D2-4F22-A099-224E0A4EAC55}.Release|Any CPU.ActiveCfg = Release|Any CPU
		{4E171654-C8D2-4F22-A099-224E0A4EAC55}.Release|Any CPU.Build.0 = Release|Any CPU
		{44E9C1BC-3A43-4557-9EB5-08A63DFF07D8}.Debug|Any CPU.ActiveCfg = Debug|Any CPU
		{44E9C1BC-3A43-4557-9EB5-08A63DFF07D8}.Debug|Any CPU.Build.0 = Debug|Any CPU
		{44E9C1BC-3A43-4557-9EB5-08A63DFF07D8}.Release|Any CPU.ActiveCfg = Release|Any CPU
		{44E9C1BC-3A43-4557-9EB5-08A63DFF07D8}.Release|Any CPU.Build.0 = Release|Any CPU
		{B5495690-E3A2-49D3-BA83-31A78A5D1DEF}.Debug|Any CPU.ActiveCfg = Debug|Any CPU
		{B5495690-E3A2-49D3-BA83-31A78A5D1DEF}.Debug|Any CPU.Build.0 = Debug|Any CPU
		{B5495690-E3A2-49D3-BA83-31A78A5D1DEF}.Release|Any CPU.ActiveCfg = Release|Any CPU
		{B5495690-E3A2-49D3-BA83-31A78A5D1DEF}.Release|Any CPU.Build.0 = Release|Any CPU
	EndGlobalSection
EndGlobal
